
Microsoft Visual Studio Solution File, Format Version 12.00
# Visual Studio Version 16
VisualStudioVersion = 16.0.32510.428
MinimumVisualStudioVersion = 10.0.40219.1
Project("{9A19103F-16F7-4668-BE54-9A1E7A4F7556}") = "vs2019Test.WebIndex", "vs2019Test.WebIndex\vs2019Test.WebIndex.csproj", "{A985AA88-9217-42A3-B826-B3F3CD7D306A}"
EndProject
Project("{FAE04EC0-301F-11D3-BF4B-00C04F79EFBC}") = "vs2019Test.WorkerServiceTest", "vs2019Test.WorkerServiceTest\vs2019Test.WorkerServiceTest.csproj", "{1C8A7AE6-7785-4CF5-8D83-D713358B9F33}"
EndProject
Global
	GlobalSection(SolutionConfigurationPlatforms) = preSolution
		Debug|Any CPU = Debug|Any CPU
		Release|Any CPU = Release|Any CPU
	EndGlobalSection
	GlobalSection(ProjectConfigurationPlatforms) = postSolution
		{A985AA88-9217-42A3-B826-B3F3CD7D306A}.Debug|Any CPU.ActiveCfg = Debug|Any CPU
		{A985AA88-9217-42A3-B826-B3F3CD7D306A}.Debug|Any CPU.Build.0 = Debug|Any CPU
		{A985AA88-9217-42A3-B826-B3F3CD7D306A}.Release|Any CPU.ActiveCfg = Release|Any CPU
		{A985AA88-9217-42A3-B826-B3F3CD7D306A}.Release|Any CPU.Build.0 = Release|Any CPU
		{1C8A7AE6-7785-4CF5-8D83-D713358B9F33}.Debug|Any CPU.ActiveCfg = Debug|Any CPU
		{1C8A7AE6-7785-4CF5-8D83-D713358B9F33}.Debug|Any CPU.Build.0 = Debug|Any CPU
		{1C8A7AE6-7785-4CF5-8D83-D713358B9F33}.Release|Any CPU.ActiveCfg = Release|Any CPU
		{1C8A7AE6-7785-4CF5-8D83-D713358B9F33}.Release|Any CPU.Build.0 = Release|Any CPU
	EndGlobalSection
	GlobalSection(SolutionProperties) = preSolution
		HideSolutionNode = FALSE
	EndGlobalSection
	GlobalSection(ExtensibilityGlobals) = postSolution
		SolutionGuid = {F04C7E88-2D0D-4030-A0E7-1A4087048AB6}
	EndGlobalSection
EndGlobal
